// !$*UTF8*$!
{
	archiveVersion = 1;
	classes = {
	};
	objectVersion = 46;
	objects = {

/* Begin PBXBuildFile section */
		CC0243421AC719390093CEDC /* SOSettingsTableViewController.m in Sources */ = {isa = PBXBuildFile; fileRef = CCEE4BE11AA3768700A107A2 /* SOSettingsTableViewController.m */; };
		CC0243431AC719390093CEDC /* SOSubCategory.m in Sources */ = {isa = PBXBuildFile; fileRef = CC35ED731A98E1D0004D20C8 /* SOSubCategory.m */; };
		CC0243441AC719390093CEDC /* SOProduct.m in Sources */ = {isa = PBXBuildFile; fileRef = CC35ED691A98BE09004D20C8 /* SOProduct.m */; };
		CC0243451AC719390093CEDC /* SOWebViewController.m in Sources */ = {isa = PBXBuildFile; fileRef = CCEE4BE41AA37A7000A107A2 /* SOWebViewController.m */; };
		CC0243461AC719390093CEDC /* SOCategoryViewController.m in Sources */ = {isa = PBXBuildFile; fileRef = CC51758A1A97B7E900056A3A /* SOCategoryViewController.m */; };
		CC0243471AC719390093CEDC /* SOCheckViewController.m in Sources */ = {isa = PBXBuildFile; fileRef = CC5175961A97BA4300056A3A /* SOCheckViewController.m */; };
		CC0243481AC719390093CEDC /* UIView+UITableView.m in Sources */ = {isa = PBXBuildFile; fileRef = CCB6D41E1A99FD1B00892649 /* UIView+UITableView.m */; };
		CC0243491AC719390093CEDC /* AppDelegate.m in Sources */ = {isa = PBXBuildFile; fileRef = CC5175331A97AE0D00056A3A /* AppDelegate.m */; };
		CC02434A1AC719390093CEDC /* XMLDictionary.m in Sources */ = {isa = PBXBuildFile; fileRef = CCA14F521AC15E300068C72B /* XMLDictionary.m */; };
		CC02434B1AC719390093CEDC /* SOProductTableViewCell.m in Sources */ = {isa = PBXBuildFile; fileRef = CC35ED7D1A99C7DA004D20C8 /* SOProductTableViewCell.m */; };
		CC02434C1AC719390093CEDC /* SODetailProductViewController.m in Sources */ = {isa = PBXBuildFile; fileRef = CC35ED791A993F36004D20C8 /* SODetailProductViewController.m */; };
		CC02434D1AC719390093CEDC /* SOPopularProductTableViewController.m in Sources */ = {isa = PBXBuildFile; fileRef = CCEE4BE71AA37AA000A107A2 /* SOPopularProductTableViewController.m */; };
		CC02434E1AC719390093CEDC /* SOStore.xcdatamodeld in Sources */ = {isa = PBXBuildFile; fileRef = CCB284451AA6EBC700125EEC /* SOStore.xcdatamodeld */; };
		CC02434F1AC719390093CEDC /* SOBasketViewController.m in Sources */ = {isa = PBXBuildFile; fileRef = CC5175931A97BA1000056A3A /* SOBasketViewController.m */; };
		CC0243501AC719390093CEDC /* SOBasketManager.m in Sources */ = {isa = PBXBuildFile; fileRef = CCB6D4171A99F78B00892649 /* SOBasketManager.m */; };
		CC0243511AC719390093CEDC /* SOProductTableViewController.m in Sources */ = {isa = PBXBuildFile; fileRef = CC5175901A97B89E00056A3A /* SOProductTableViewController.m */; };
		CC0243521AC719390093CEDC /* main.m in Sources */ = {isa = PBXBuildFile; fileRef = CC5175301A97AE0D00056A3A /* main.m */; };
		CC0243531AC719390093CEDC /* SOSubCategoryProductTableViewController.m in Sources */ = {isa = PBXBuildFile; fileRef = CC51758D1A97B82700056A3A /* SOSubCategoryProductTableViewController.m */; };
		CC0243541AC719390093CEDC /* SOCategory.m in Sources */ = {isa = PBXBuildFile; fileRef = CC35ED701A98E1BD004D20C8 /* SOCategory.m */; };
		CC0243551AC719390093CEDC /* SOBasketProductTableViewCell.m in Sources */ = {isa = PBXBuildFile; fileRef = CC6061CA1ABF494D00644A83 /* SOBasketProductTableViewCell.m */; };
		CC0243561AC719390093CEDC /* SOMainTabBarController.m in Sources */ = {isa = PBXBuildFile; fileRef = CC5175871A97B78C00056A3A /* SOMainTabBarController.m */; };
		CC0243571AC719390093CEDC /* SOStoreManager.m in Sources */ = {isa = PBXBuildFile; fileRef = CC35ED6C1A98BE75004D20C8 /* SOStoreManager.m */; };
		CC0243591AC719390093CEDC /* QuartzCore.framework in Frameworks */ = {isa = PBXBuildFile; fileRef = CCB6D4251A9A26DC00892649 /* QuartzCore.framework */; };
		CC02435A1AC719390093CEDC /* UIKit.framework in Frameworks */ = {isa = PBXBuildFile; fileRef = CC35ED611A989C84004D20C8 /* UIKit.framework */; };
		CC02435B1AC719390093CEDC /* Foundation.framework in Frameworks */ = {isa = PBXBuildFile; fileRef = CC35ED5F1A989C7D004D20C8 /* Foundation.framework */; };
		CC02435D1AC719390093CEDC /* SOShop.storyboard in Resources */ = {isa = PBXBuildFile; fileRef = CC5175381A97AE0E00056A3A /* SOShop.storyboard */; };
		CC02435E1AC719390093CEDC /* Localizable.strings in Resources */ = {isa = PBXBuildFile; fileRef = CC35ED5C1A9898A5004D20C8 /* Localizable.strings */; };
		CC02435F1AC719390093CEDC /* tesla.png in Resources */ = {isa = PBXBuildFile; fileRef = CC6029461AA4712B001A280E /* tesla.png */; };
		CC0243601AC719390093CEDC /* LaunchScreen.xib in Resources */ = {isa = PBXBuildFile; fileRef = CC51753D1A97AE0E00056A3A /* LaunchScreen.xib */; };
		CC0243611AC719390093CEDC /* xmlFormatter.xml in Resources */ = {isa = PBXBuildFile; fileRef = CCA14F541AC15EE40068C72B /* xmlFormatter.xml */; };
		CC0243621AC719390093CEDC /* document.json in Resources */ = {isa = PBXBuildFile; fileRef = CCB2844A1AA77A3D00125EEC /* document.json */; };
		CC0243631AC719390093CEDC /* Images.xcassets in Resources */ = {isa = PBXBuildFile; fileRef = CC51753B1A97AE0E00056A3A /* Images.xcassets */; };
		CC0243641AC719390093CEDC /* Plakat.jpg in Resources */ = {isa = PBXBuildFile; fileRef = CC60294D1AA4757C001A280E /* Plakat.jpg */; };
		CC02436C1AC7194F0093CEDC /* SOSettingsTableViewController.m in Sources */ = {isa = PBXBuildFile; fileRef = CCEE4BE11AA3768700A107A2 /* SOSettingsTableViewController.m */; };
		CC02436D1AC7194F0093CEDC /* SOSubCategory.m in Sources */ = {isa = PBXBuildFile; fileRef = CC35ED731A98E1D0004D20C8 /* SOSubCategory.m */; };
		CC02436E1AC7194F0093CEDC /* SOProduct.m in Sources */ = {isa = PBXBuildFile; fileRef = CC35ED691A98BE09004D20C8 /* SOProduct.m */; };
		CC02436F1AC7194F0093CEDC /* SOWebViewController.m in Sources */ = {isa = PBXBuildFile; fileRef = CCEE4BE41AA37A7000A107A2 /* SOWebViewController.m */; };
		CC0243701AC7194F0093CEDC /* SOCategoryViewController.m in Sources */ = {isa = PBXBuildFile; fileRef = CC51758A1A97B7E900056A3A /* SOCategoryViewController.m */; };
		CC0243711AC7194F0093CEDC /* SOCheckViewController.m in Sources */ = {isa = PBXBuildFile; fileRef = CC5175961A97BA4300056A3A /* SOCheckViewController.m */; };
		CC0243721AC7194F0093CEDC /* UIView+UITableView.m in Sources */ = {isa = PBXBuildFile; fileRef = CCB6D41E1A99FD1B00892649 /* UIView+UITableView.m */; };
		CC0243731AC7194F0093CEDC /* AppDelegate.m in Sources */ = {isa = PBXBuildFile; fileRef = CC5175331A97AE0D00056A3A /* AppDelegate.m */; };
		CC0243741AC7194F0093CEDC /* XMLDictionary.m in Sources */ = {isa = PBXBuildFile; fileRef = CCA14F521AC15E300068C72B /* XMLDictionary.m */; };
		CC0243751AC7194F0093CEDC /* SOProductTableViewCell.m in Sources */ = {isa = PBXBuildFile; fileRef = CC35ED7D1A99C7DA004D20C8 /* SOProductTableViewCell.m */; };
		CC0243761AC7194F0093CEDC /* SODetailProductViewController.m in Sources */ = {isa = PBXBuildFile; fileRef = CC35ED791A993F36004D20C8 /* SODetailProductViewController.m */; };
		CC0243771AC7194F0093CEDC /* SOPopularProductTableViewController.m in Sources */ = {isa = PBXBuildFile; fileRef = CCEE4BE71AA37AA000A107A2 /* SOPopularProductTableViewController.m */; };
		CC0243781AC7194F0093CEDC /* SOStore.xcdatamodeld in Sources */ = {isa = PBXBuildFile; fileRef = CCB284451AA6EBC700125EEC /* SOStore.xcdatamodeld */; };
		CC0243791AC7194F0093CEDC /* SOBasketViewController.m in Sources */ = {isa = PBXBuildFile; fileRef = CC5175931A97BA1000056A3A /* SOBasketViewController.m */; };
		CC02437A1AC7194F0093CEDC /* SOBasketManager.m in Sources */ = {isa = PBXBuildFile; fileRef = CCB6D4171A99F78B00892649 /* SOBasketManager.m */; };
		CC02437B1AC7194F0093CEDC /* SOProductTableViewController.m in Sources */ = {isa = PBXBuildFile; fileRef = CC5175901A97B89E00056A3A /* SOProductTableViewController.m */; };
		CC02437C1AC7194F0093CEDC /* main.m in Sources */ = {isa = PBXBuildFile; fileRef = CC5175301A97AE0D00056A3A /* main.m */; };
		CC02437D1AC7194F0093CEDC /* SOSubCategoryProductTableViewController.m in Sources */ = {isa = PBXBuildFile; fileRef = CC51758D1A97B82700056A3A /* SOSubCategoryProductTableViewController.m */; };
		CC02437E1AC7194F0093CEDC /* SOCategory.m in Sources */ = {isa = PBXBuildFile; fileRef = CC35ED701A98E1BD004D20C8 /* SOCategory.m */; };
		CC02437F1AC7194F0093CEDC /* SOBasketProductTableViewCell.m in Sources */ = {isa = PBXBuildFile; fileRef = CC6061CA1ABF494D00644A83 /* SOBasketProductTableViewCell.m */; };
		CC0243801AC7194F0093CEDC /* SOMainTabBarController.m in Sources */ = {isa = PBXBuildFile; fileRef = CC5175871A97B78C00056A3A /* SOMainTabBarController.m */; };
		CC0243811AC7194F0093CEDC /* SOStoreManager.m in Sources */ = {isa = PBXBuildFile; fileRef = CC35ED6C1A98BE75004D20C8 /* SOStoreManager.m */; };
		CC0243831AC7194F0093CEDC /* QuartzCore.framework in Frameworks */ = {isa = PBXBuildFile; fileRef = CCB6D4251A9A26DC00892649 /* QuartzCore.framework */; };
		CC0243841AC7194F0093CEDC /* UIKit.framework in Frameworks */ = {isa = PBXBuildFile; fileRef = CC35ED611A989C84004D20C8 /* UIKit.framework */; };
		CC0243851AC7194F0093CEDC /* Foundation.framework in Frameworks */ = {isa = PBXBuildFile; fileRef = CC35ED5F1A989C7D004D20C8 /* Foundation.framework */; };
		CC0243871AC7194F0093CEDC /* SOShop.storyboard in Resources */ = {isa = PBXBuildFile; fileRef = CC5175381A97AE0E00056A3A /* SOShop.storyboard */; };
		CC0243881AC7194F0093CEDC /* Localizable.strings in Resources */ = {isa = PBXBuildFile; fileRef = CC35ED5C1A9898A5004D20C8 /* Localizable.strings */; };
		CC0243891AC7194F0093CEDC /* tesla.png in Resources */ = {isa = PBXBuildFile; fileRef = CC6029461AA4712B001A280E /* tesla.png */; };
		CC02438A1AC7194F0093CEDC /* LaunchScreen.xib in Resources */ = {isa = PBXBuildFile; fileRef = CC51753D1A97AE0E00056A3A /* LaunchScreen.xib */; };
		CC02438B1AC7194F0093CEDC /* xmlFormatter.xml in Resources */ = {isa = PBXBuildFile; fileRef = CCA14F541AC15EE40068C72B /* xmlFormatter.xml */; };
		CC02438C1AC7194F0093CEDC /* document.json in Resources */ = {isa = PBXBuildFile; fileRef = CCB2844A1AA77A3D00125EEC /* document.json */; };
		CC02438D1AC7194F0093CEDC /* Images.xcassets in Resources */ = {isa = PBXBuildFile; fileRef = CC51753B1A97AE0E00056A3A /* Images.xcassets */; };
		CC02438E1AC7194F0093CEDC /* Plakat.jpg in Resources */ = {isa = PBXBuildFile; fileRef = CC60294D1AA4757C001A280E /* Plakat.jpg */; };
		CC344BAF1ACC522C00D9985D /* SOSettingsTableViewController.m in Sources */ = {isa = PBXBuildFile; fileRef = CCEE4BE11AA3768700A107A2 /* SOSettingsTableViewController.m */; };
		CC344BB01ACC522C00D9985D /* SOSubCategory.m in Sources */ = {isa = PBXBuildFile; fileRef = CC35ED731A98E1D0004D20C8 /* SOSubCategory.m */; };
		CC344BB11ACC522C00D9985D /* SOProduct.m in Sources */ = {isa = PBXBuildFile; fileRef = CC35ED691A98BE09004D20C8 /* SOProduct.m */; };
		CC344BB21ACC522C00D9985D /* SOWebViewController.m in Sources */ = {isa = PBXBuildFile; fileRef = CCEE4BE41AA37A7000A107A2 /* SOWebViewController.m */; };
		CC344BB31ACC522C00D9985D /* SOCategoryViewController.m in Sources */ = {isa = PBXBuildFile; fileRef = CC51758A1A97B7E900056A3A /* SOCategoryViewController.m */; };
		CC344BB41ACC522C00D9985D /* SOCheckViewController.m in Sources */ = {isa = PBXBuildFile; fileRef = CC5175961A97BA4300056A3A /* SOCheckViewController.m */; };
		CC344BB51ACC522C00D9985D /* UIView+UITableView.m in Sources */ = {isa = PBXBuildFile; fileRef = CCB6D41E1A99FD1B00892649 /* UIView+UITableView.m */; };
		CC344BB61ACC522C00D9985D /* AppDelegate.m in Sources */ = {isa = PBXBuildFile; fileRef = CC5175331A97AE0D00056A3A /* AppDelegate.m */; };
		CC344BB71ACC522C00D9985D /* XMLDictionary.m in Sources */ = {isa = PBXBuildFile; fileRef = CCA14F521AC15E300068C72B /* XMLDictionary.m */; };
		CC344BB81ACC522C00D9985D /* SOProductTableViewCell.m in Sources */ = {isa = PBXBuildFile; fileRef = CC35ED7D1A99C7DA004D20C8 /* SOProductTableViewCell.m */; };
		CC344BB91ACC522C00D9985D /* SODetailProductViewController.m in Sources */ = {isa = PBXBuildFile; fileRef = CC35ED791A993F36004D20C8 /* SODetailProductViewController.m */; };
		CC344BBA1ACC522C00D9985D /* SOPopularProductTableViewController.m in Sources */ = {isa = PBXBuildFile; fileRef = CCEE4BE71AA37AA000A107A2 /* SOPopularProductTableViewController.m */; };
		CC344BBB1ACC522C00D9985D /* SOStore.xcdatamodeld in Sources */ = {isa = PBXBuildFile; fileRef = CCB284451AA6EBC700125EEC /* SOStore.xcdatamodeld */; };
		CC344BBC1ACC522C00D9985D /* SOBasketViewController.m in Sources */ = {isa = PBXBuildFile; fileRef = CC5175931A97BA1000056A3A /* SOBasketViewController.m */; };
		CC344BBD1ACC522C00D9985D /* SOBasketManager.m in Sources */ = {isa = PBXBuildFile; fileRef = CCB6D4171A99F78B00892649 /* SOBasketManager.m */; };
		CC344BBE1ACC522C00D9985D /* SOProductTableViewController.m in Sources */ = {isa = PBXBuildFile; fileRef = CC5175901A97B89E00056A3A /* SOProductTableViewController.m */; };
		CC344BBF1ACC522C00D9985D /* main.m in Sources */ = {isa = PBXBuildFile; fileRef = CC5175301A97AE0D00056A3A /* main.m */; };
		CC344BC01ACC522C00D9985D /* SOSubCategoryProductTableViewController.m in Sources */ = {isa = PBXBuildFile; fileRef = CC51758D1A97B82700056A3A /* SOSubCategoryProductTableViewController.m */; };
		CC344BC11ACC522C00D9985D /* SOCategory.m in Sources */ = {isa = PBXBuildFile; fileRef = CC35ED701A98E1BD004D20C8 /* SOCategory.m */; };
		CC344BC21ACC522C00D9985D /* SOBasketProductTableViewCell.m in Sources */ = {isa = PBXBuildFile; fileRef = CC6061CA1ABF494D00644A83 /* SOBasketProductTableViewCell.m */; };
		CC344BC31ACC522C00D9985D /* SOMainTabBarController.m in Sources */ = {isa = PBXBuildFile; fileRef = CC5175871A97B78C00056A3A /* SOMainTabBarController.m */; };
		CC344BC41ACC522C00D9985D /* SOStoreManager.m in Sources */ = {isa = PBXBuildFile; fileRef = CC35ED6C1A98BE75004D20C8 /* SOStoreManager.m */; };
		CC344BC61ACC522C00D9985D /* QuartzCore.framework in Frameworks */ = {isa = PBXBuildFile; fileRef = CCB6D4251A9A26DC00892649 /* QuartzCore.framework */; };
		CC344BC71ACC522C00D9985D /* UIKit.framework in Frameworks */ = {isa = PBXBuildFile; fileRef = CC35ED611A989C84004D20C8 /* UIKit.framework */; };
		CC344BC81ACC522C00D9985D /* Foundation.framework in Frameworks */ = {isa = PBXBuildFile; fileRef = CC35ED5F1A989C7D004D20C8 /* Foundation.framework */; };
		CC344BCA1ACC522C00D9985D /* SOShop.storyboard in Resources */ = {isa = PBXBuildFile; fileRef = CC5175381A97AE0E00056A3A /* SOShop.storyboard */; };
		CC344BCB1ACC522C00D9985D /* Localizable.strings in Resources */ = {isa = PBXBuildFile; fileRef = CC35ED5C1A9898A5004D20C8 /* Localizable.strings */; };
		CC344BCC1ACC522C00D9985D /* tesla.png in Resources */ = {isa = PBXBuildFile; fileRef = CC6029461AA4712B001A280E /* tesla.png */; };
		CC344BCD1ACC522C00D9985D /* LaunchScreen.xib in Resources */ = {isa = PBXBuildFile; fileRef = CC51753D1A97AE0E00056A3A /* LaunchScreen.xib */; };
		CC344BCE1ACC522C00D9985D /* xmlFormatter.xml in Resources */ = {isa = PBXBuildFile; fileRef = CCA14F541AC15EE40068C72B /* xmlFormatter.xml */; };
		CC344BCF1ACC522C00D9985D /* document.json in Resources */ = {isa = PBXBuildFile; fileRef = CCB2844A1AA77A3D00125EEC /* document.json */; };
		CC344BD01ACC522C00D9985D /* Images.xcassets in Resources */ = {isa = PBXBuildFile; fileRef = CC51753B1A97AE0E00056A3A /* Images.xcassets */; };
		CC344BD11ACC522C00D9985D /* Plakat.jpg in Resources */ = {isa = PBXBuildFile; fileRef = CC60294D1AA4757C001A280E /* Plakat.jpg */; };
		CC35ED5A1A9898A5004D20C8 /* Localizable.strings in Resources */ = {isa = PBXBuildFile; fileRef = CC35ED5C1A9898A5004D20C8 /* Localizable.strings */; };
		CC35ED601A989C7D004D20C8 /* Foundation.framework in Frameworks */ = {isa = PBXBuildFile; fileRef = CC35ED5F1A989C7D004D20C8 /* Foundation.framework */; };
		CC35ED621A989C84004D20C8 /* UIKit.framework in Frameworks */ = {isa = PBXBuildFile; fileRef = CC35ED611A989C84004D20C8 /* UIKit.framework */; };
		CC35ED6A1A98BE09004D20C8 /* SOProduct.m in Sources */ = {isa = PBXBuildFile; fileRef = CC35ED691A98BE09004D20C8 /* SOProduct.m */; };
		CC35ED6D1A98BE75004D20C8 /* SOStoreManager.m in Sources */ = {isa = PBXBuildFile; fileRef = CC35ED6C1A98BE75004D20C8 /* SOStoreManager.m */; };
		CC35ED711A98E1BD004D20C8 /* SOCategory.m in Sources */ = {isa = PBXBuildFile; fileRef = CC35ED701A98E1BD004D20C8 /* SOCategory.m */; };
		CC35ED741A98E1D0004D20C8 /* SOSubCategory.m in Sources */ = {isa = PBXBuildFile; fileRef = CC35ED731A98E1D0004D20C8 /* SOSubCategory.m */; };
		CC35ED7A1A993F36004D20C8 /* SODetailProductViewController.m in Sources */ = {isa = PBXBuildFile; fileRef = CC35ED791A993F36004D20C8 /* SODetailProductViewController.m */; };
		CC35ED7E1A99C7DA004D20C8 /* SOProductTableViewCell.m in Sources */ = {isa = PBXBuildFile; fileRef = CC35ED7D1A99C7DA004D20C8 /* SOProductTableViewCell.m */; };
		CC5175311A97AE0D00056A3A /* main.m in Sources */ = {isa = PBXBuildFile; fileRef = CC5175301A97AE0D00056A3A /* main.m */; };
		CC5175341A97AE0D00056A3A /* AppDelegate.m in Sources */ = {isa = PBXBuildFile; fileRef = CC5175331A97AE0D00056A3A /* AppDelegate.m */; };
		CC51753A1A97AE0E00056A3A /* SOShop.storyboard in Resources */ = {isa = PBXBuildFile; fileRef = CC5175381A97AE0E00056A3A /* SOShop.storyboard */; };
		CC51753C1A97AE0E00056A3A /* Images.xcassets in Resources */ = {isa = PBXBuildFile; fileRef = CC51753B1A97AE0E00056A3A /* Images.xcassets */; };
		CC51753F1A97AE0E00056A3A /* LaunchScreen.xib in Resources */ = {isa = PBXBuildFile; fileRef = CC51753D1A97AE0E00056A3A /* LaunchScreen.xib */; };
		CC51754B1A97AE0E00056A3A /* SOShopTests.m in Sources */ = {isa = PBXBuildFile; fileRef = CC51754A1A97AE0E00056A3A /* SOShopTests.m */; };
		CC5175881A97B78C00056A3A /* SOMainTabBarController.m in Sources */ = {isa = PBXBuildFile; fileRef = CC5175871A97B78C00056A3A /* SOMainTabBarController.m */; };
		CC51758B1A97B7E900056A3A /* SOCategoryViewController.m in Sources */ = {isa = PBXBuildFile; fileRef = CC51758A1A97B7E900056A3A /* SOCategoryViewController.m */; };
		CC51758E1A97B82700056A3A /* SOSubCategoryProductTableViewController.m in Sources */ = {isa = PBXBuildFile; fileRef = CC51758D1A97B82700056A3A /* SOSubCategoryProductTableViewController.m */; };
		CC5175911A97B89E00056A3A /* SOProductTableViewController.m in Sources */ = {isa = PBXBuildFile; fileRef = CC5175901A97B89E00056A3A /* SOProductTableViewController.m */; };
		CC5175941A97BA1000056A3A /* SOBasketViewController.m in Sources */ = {isa = PBXBuildFile; fileRef = CC5175931A97BA1000056A3A /* SOBasketViewController.m */; };
		CC5175971A97BA4300056A3A /* SOCheckViewController.m in Sources */ = {isa = PBXBuildFile; fileRef = CC5175961A97BA4300056A3A /* SOCheckViewController.m */; };
		CC6029491AA4712B001A280E /* tesla.png in Resources */ = {isa = PBXBuildFile; fileRef = CC6029461AA4712B001A280E /* tesla.png */; };
		CC60294F1AA4757C001A280E /* Plakat.jpg in Resources */ = {isa = PBXBuildFile; fileRef = CC60294D1AA4757C001A280E /* Plakat.jpg */; };
		CC6061CB1ABF494D00644A83 /* SOBasketProductTableViewCell.m in Sources */ = {isa = PBXBuildFile; fileRef = CC6061CA1ABF494D00644A83 /* SOBasketProductTableViewCell.m */; };
		CCA14F531AC15E300068C72B /* XMLDictionary.m in Sources */ = {isa = PBXBuildFile; fileRef = CCA14F521AC15E300068C72B /* XMLDictionary.m */; };
		CCA14F551AC15EE40068C72B /* xmlFormatter.xml in Resources */ = {isa = PBXBuildFile; fileRef = CCA14F541AC15EE40068C72B /* xmlFormatter.xml */; };
		CCB284471AA6EBC700125EEC /* SOStore.xcdatamodeld in Sources */ = {isa = PBXBuildFile; fileRef = CCB284451AA6EBC700125EEC /* SOStore.xcdatamodeld */; };
		CCB2844B1AA77A3D00125EEC /* document.json in Resources */ = {isa = PBXBuildFile; fileRef = CCB2844A1AA77A3D00125EEC /* document.json */; };
		CCB6D4181A99F78B00892649 /* SOBasketManager.m in Sources */ = {isa = PBXBuildFile; fileRef = CCB6D4171A99F78B00892649 /* SOBasketManager.m */; };
		CCB6D41F1A99FD1B00892649 /* UIView+UITableView.m in Sources */ = {isa = PBXBuildFile; fileRef = CCB6D41E1A99FD1B00892649 /* UIView+UITableView.m */; };
		CCB6D4261A9A26DC00892649 /* QuartzCore.framework in Frameworks */ = {isa = PBXBuildFile; fileRef = CCB6D4251A9A26DC00892649 /* QuartzCore.framework */; };
		CCEE4BE21AA3768700A107A2 /* SOSettingsTableViewController.m in Sources */ = {isa = PBXBuildFile; fileRef = CCEE4BE11AA3768700A107A2 /* SOSettingsTableViewController.m */; };
		CCEE4BE51AA37A7000A107A2 /* SOWebViewController.m in Sources */ = {isa = PBXBuildFile; fileRef = CCEE4BE41AA37A7000A107A2 /* SOWebViewController.m */; };
		CCEE4BE81AA37AA000A107A2 /* SOPopularProductTableViewController.m in Sources */ = {isa = PBXBuildFile; fileRef = CCEE4BE71AA37AA000A107A2 /* SOPopularProductTableViewController.m */; };
/* End PBXBuildFile section */

/* Begin PBXContainerItemProxy section */
		CC5175451A97AE0E00056A3A /* PBXContainerItemProxy */ = {
			isa = PBXContainerItemProxy;
			containerPortal = CC5175231A97AE0D00056A3A /* Project object */;
			proxyType = 1;
			remoteGlobalIDString = CC51752A1A97AE0D00056A3A;
			remoteInfo = SOShop;
		};
/* End PBXContainerItemProxy section */

/* Begin PBXFileReference section */
		CC0243681AC719390093CEDC /* SOShop copy.app */ = {isa = PBXFileReference; explicitFileType = wrapper.application; includeInIndex = 0; path = "SOShop copy.app"; sourceTree = BUILT_PRODUCTS_DIR; };
		CC0243691AC719390093CEDC /* SOShop copy-Info.plist */ = {isa = PBXFileReference; lastKnownFileType = text.plist.xml; name = "SOShop copy-Info.plist"; path = "/Users/for_sale/Desktop/Practise/SOShop/SOShop copy-Info.plist"; sourceTree = "<absolute>"; };
		CC0243921AC7194F0093CEDC /* SOShop XML copy.app */ = {isa = PBXFileReference; explicitFileType = wrapper.application; includeInIndex = 0; path = "SOShop XML copy.app"; sourceTree = BUILT_PRODUCTS_DIR; };
		CC0243931AC719500093CEDC /* SOShop XML copy-Info.plist */ = {isa = PBXFileReference; lastKnownFileType = text.plist.xml; name = "SOShop XML copy-Info.plist"; path = "/Users/for_sale/Desktop/Practise/SOShop/SOShop XML copy-Info.plist"; sourceTree = "<absolute>"; };
		CC344BD51ACC522C00D9985D /* SOShop JSON copy.app */ = {isa = PBXFileReference; explicitFileType = wrapper.application; includeInIndex = 0; path = "SOShop JSON copy.app"; sourceTree = BUILT_PRODUCTS_DIR; };
		CC344BD61ACC522C00D9985D /* SOShop JSON copy-Info.plist */ = {isa = PBXFileReference; lastKnownFileType = text.plist.xml; name = "SOShop JSON copy-Info.plist"; path = "/Users/for_sale/Desktop/Practise/SOShop/SOShop JSON copy-Info.plist"; sourceTree = "<absolute>"; };
		CC35ED5B1A9898A5004D20C8 /* en */ = {isa = PBXFileReference; lastKnownFileType = text.plist.strings; name = en; path = en.lproj/Localizable.strings; sourceTree = "<group>"; };
		CC35ED5D1A9898BA004D20C8 /* ru */ = {isa = PBXFileReference; lastKnownFileType = text.plist.strings; name = ru; path = ru.lproj/Localizable.strings; sourceTree = "<group>"; };
		CC35ED5E1A989C44004D20C8 /* Constans.h */ = {isa = PBXFileReference; fileEncoding = 4; lastKnownFileType = sourcecode.c.h; path = Constans.h; sourceTree = "<group>"; };
		CC35ED5F1A989C7D004D20C8 /* Foundation.framework */ = {isa = PBXFileReference; lastKnownFileType = wrapper.framework; name = Foundation.framework; path = System/Library/Frameworks/Foundation.framework; sourceTree = SDKROOT; };
		CC35ED611A989C84004D20C8 /* UIKit.framework */ = {isa = PBXFileReference; lastKnownFileType = wrapper.framework; name = UIKit.framework; path = System/Library/Frameworks/UIKit.framework; sourceTree = SDKROOT; };
		CC35ED681A98BE09004D20C8 /* SOProduct.h */ = {isa = PBXFileReference; fileEncoding = 4; lastKnownFileType = sourcecode.c.h; path = SOProduct.h; sourceTree = "<group>"; };
		CC35ED691A98BE09004D20C8 /* SOProduct.m */ = {isa = PBXFileReference; fileEncoding = 4; lastKnownFileType = sourcecode.c.objc; path = SOProduct.m; sourceTree = "<group>"; };
		CC35ED6B1A98BE75004D20C8 /* SOStoreManager.h */ = {isa = PBXFileReference; fileEncoding = 4; lastKnownFileType = sourcecode.c.h; path = SOStoreManager.h; sourceTree = "<group>"; };
		CC35ED6C1A98BE75004D20C8 /* SOStoreManager.m */ = {isa = PBXFileReference; fileEncoding = 4; lastKnownFileType = sourcecode.c.objc; path = SOStoreManager.m; sourceTree = "<group>"; };
		CC35ED6F1A98E1BD004D20C8 /* SOCategory.h */ = {isa = PBXFileReference; fileEncoding = 4; lastKnownFileType = sourcecode.c.h; path = SOCategory.h; sourceTree = "<group>"; };
		CC35ED701A98E1BD004D20C8 /* SOCategory.m */ = {isa = PBXFileReference; fileEncoding = 4; lastKnownFileType = sourcecode.c.objc; path = SOCategory.m; sourceTree = "<group>"; };
		CC35ED721A98E1D0004D20C8 /* SOSubCategory.h */ = {isa = PBXFileReference; fileEncoding = 4; lastKnownFileType = sourcecode.c.h; path = SOSubCategory.h; sourceTree = "<group>"; };
		CC35ED731A98E1D0004D20C8 /* SOSubCategory.m */ = {isa = PBXFileReference; fileEncoding = 4; lastKnownFileType = sourcecode.c.objc; path = SOSubCategory.m; sourceTree = "<group>"; };
		CC35ED781A993F36004D20C8 /* SODetailProductViewController.h */ = {isa = PBXFileReference; fileEncoding = 4; lastKnownFileType = sourcecode.c.h; path = SODetailProductViewController.h; sourceTree = "<group>"; };
		CC35ED791A993F36004D20C8 /* SODetailProductViewController.m */ = {isa = PBXFileReference; fileEncoding = 4; lastKnownFileType = sourcecode.c.objc; path = SODetailProductViewController.m; sourceTree = "<group>"; };
		CC35ED7C1A99C7DA004D20C8 /* SOProductTableViewCell.h */ = {isa = PBXFileReference; fileEncoding = 4; lastKnownFileType = sourcecode.c.h; path = SOProductTableViewCell.h; sourceTree = "<group>"; };
		CC35ED7D1A99C7DA004D20C8 /* SOProductTableViewCell.m */ = {isa = PBXFileReference; fileEncoding = 4; lastKnownFileType = sourcecode.c.objc; path = SOProductTableViewCell.m; sourceTree = "<group>"; };
		CC51752B1A97AE0D00056A3A /* SOShop JSON.app */ = {isa = PBXFileReference; explicitFileType = wrapper.application; includeInIndex = 0; path = "SOShop JSON.app"; sourceTree = BUILT_PRODUCTS_DIR; };
		CC51752F1A97AE0D00056A3A /* Info.plist */ = {isa = PBXFileReference; lastKnownFileType = text.plist.xml; path = Info.plist; sourceTree = "<group>"; };
		CC5175301A97AE0D00056A3A /* main.m */ = {isa = PBXFileReference; lastKnownFileType = sourcecode.c.objc; path = main.m; sourceTree = "<group>"; };
		CC5175321A97AE0D00056A3A /* AppDelegate.h */ = {isa = PBXFileReference; lastKnownFileType = sourcecode.c.h; path = AppDelegate.h; sourceTree = "<group>"; };
		CC5175331A97AE0D00056A3A /* AppDelegate.m */ = {isa = PBXFileReference; lastKnownFileType = sourcecode.c.objc; path = AppDelegate.m; sourceTree = "<group>"; };
		CC5175391A97AE0E00056A3A /* Base */ = {isa = PBXFileReference; lastKnownFileType = file.storyboard; name = Base; path = Base.lproj/SOShop.storyboard; sourceTree = "<group>"; };
		CC51753B1A97AE0E00056A3A /* Images.xcassets */ = {isa = PBXFileReference; lastKnownFileType = folder.assetcatalog; path = Images.xcassets; sourceTree = "<group>"; };
		CC51753E1A97AE0E00056A3A /* Base */ = {isa = PBXFileReference; lastKnownFileType = file.xib; name = Base; path = Base.lproj/LaunchScreen.xib; sourceTree = "<group>"; };
		CC5175441A97AE0E00056A3A /* SOShopTests.xctest */ = {isa = PBXFileReference; explicitFileType = wrapper.cfbundle; includeInIndex = 0; path = SOShopTests.xctest; sourceTree = BUILT_PRODUCTS_DIR; };
		CC5175491A97AE0E00056A3A /* Info.plist */ = {isa = PBXFileReference; lastKnownFileType = text.plist.xml; path = Info.plist; sourceTree = "<group>"; };
		CC51754A1A97AE0E00056A3A /* SOShopTests.m */ = {isa = PBXFileReference; lastKnownFileType = sourcecode.c.objc; path = SOShopTests.m; sourceTree = "<group>"; };
		CC5175861A97B78C00056A3A /* SOMainTabBarController.h */ = {isa = PBXFileReference; fileEncoding = 4; lastKnownFileType = sourcecode.c.h; path = SOMainTabBarController.h; sourceTree = "<group>"; };
		CC5175871A97B78C00056A3A /* SOMainTabBarController.m */ = {isa = PBXFileReference; fileEncoding = 4; lastKnownFileType = sourcecode.c.objc; path = SOMainTabBarController.m; sourceTree = "<group>"; };
		CC5175891A97B7E900056A3A /* SOCategoryViewController.h */ = {isa = PBXFileReference; fileEncoding = 4; lastKnownFileType = sourcecode.c.h; path = SOCategoryViewController.h; sourceTree = "<group>"; };
		CC51758A1A97B7E900056A3A /* SOCategoryViewController.m */ = {isa = PBXFileReference; fileEncoding = 4; lastKnownFileType = sourcecode.c.objc; path = SOCategoryViewController.m; sourceTree = "<group>"; };
		CC51758C1A97B82700056A3A /* SOSubCategoryProductTableViewController.h */ = {isa = PBXFileReference; fileEncoding = 4; lastKnownFileType = sourcecode.c.h; path = SOSubCategoryProductTableViewController.h; sourceTree = "<group>"; };
		CC51758D1A97B82700056A3A /* SOSubCategoryProductTableViewController.m */ = {isa = PBXFileReference; fileEncoding = 4; lastKnownFileType = sourcecode.c.objc; path = SOSubCategoryProductTableViewController.m; sourceTree = "<group>"; };
		CC51758F1A97B89E00056A3A /* SOProductTableViewController.h */ = {isa = PBXFileReference; fileEncoding = 4; lastKnownFileType = sourcecode.c.h; path = SOProductTableViewController.h; sourceTree = "<group>"; };
		CC5175901A97B89E00056A3A /* SOProductTableViewController.m */ = {isa = PBXFileReference; fileEncoding = 4; lastKnownFileType = sourcecode.c.objc; path = SOProductTableViewController.m; sourceTree = "<group>"; };
		CC5175921A97BA1000056A3A /* SOBasketViewController.h */ = {isa = PBXFileReference; fileEncoding = 4; lastKnownFileType = sourcecode.c.h; path = SOBasketViewController.h; sourceTree = "<group>"; };
		CC5175931A97BA1000056A3A /* SOBasketViewController.m */ = {isa = PBXFileReference; fileEncoding = 4; lastKnownFileType = sourcecode.c.objc; path = SOBasketViewController.m; sourceTree = "<group>"; };
		CC5175951A97BA4300056A3A /* SOCheckViewController.h */ = {isa = PBXFileReference; fileEncoding = 4; lastKnownFileType = sourcecode.c.h; path = SOCheckViewController.h; sourceTree = "<group>"; };
		CC5175961A97BA4300056A3A /* SOCheckViewController.m */ = {isa = PBXFileReference; fileEncoding = 4; lastKnownFileType = sourcecode.c.objc; path = SOCheckViewController.m; sourceTree = "<group>"; };
		CC6029461AA4712B001A280E /* tesla.png */ = {isa = PBXFileReference; lastKnownFileType = image.png; path = tesla.png; sourceTree = "<group>"; };
		CC60294D1AA4757C001A280E /* Plakat.jpg */ = {isa = PBXFileReference; lastKnownFileType = image.jpeg; path = Plakat.jpg; sourceTree = "<group>"; };
		CC6061C91ABF494C00644A83 /* SOBasketProductTableViewCell.h */ = {isa = PBXFileReference; fileEncoding = 4; lastKnownFileType = sourcecode.c.h; path = SOBasketProductTableViewCell.h; sourceTree = "<group>"; };
		CC6061CA1ABF494D00644A83 /* SOBasketProductTableViewCell.m */ = {isa = PBXFileReference; fileEncoding = 4; lastKnownFileType = sourcecode.c.objc; path = SOBasketProductTableViewCell.m; sourceTree = "<group>"; };
		CCA14F511AC15E300068C72B /* XMLDictionary.h */ = {isa = PBXFileReference; fileEncoding = 4; lastKnownFileType = sourcecode.c.h; path = XMLDictionary.h; sourceTree = SOURCE_ROOT; };
		CCA14F521AC15E300068C72B /* XMLDictionary.m */ = {isa = PBXFileReference; fileEncoding = 4; lastKnownFileType = sourcecode.c.objc; path = XMLDictionary.m; sourceTree = SOURCE_ROOT; };
		CCA14F541AC15EE40068C72B /* xmlFormatter.xml */ = {isa = PBXFileReference; fileEncoding = 4; lastKnownFileType = text.xml; path = xmlFormatter.xml; sourceTree = "<group>"; };
		CCB284461AA6EBC700125EEC /* SOStore.xcdatamodel */ = {isa = PBXFileReference; lastKnownFileType = wrapper.xcdatamodel; path = SOStore.xcdatamodel; sourceTree = "<group>"; };
		CCB2844A1AA77A3D00125EEC /* document.json */ = {isa = PBXFileReference; fileEncoding = 4; lastKnownFileType = text.json; path = document.json; sourceTree = "<group>"; };
		CCB6D4161A99F78B00892649 /* SOBasketManager.h */ = {isa = PBXFileReference; fileEncoding = 4; lastKnownFileType = sourcecode.c.h; path = SOBasketManager.h; sourceTree = "<group>"; };
		CCB6D4171A99F78B00892649 /* SOBasketManager.m */ = {isa = PBXFileReference; fileEncoding = 4; lastKnownFileType = sourcecode.c.objc; path = SOBasketManager.m; sourceTree = "<group>"; };
		CCB6D41D1A99FD1B00892649 /* UIView+UITableView.h */ = {isa = PBXFileReference; fileEncoding = 4; lastKnownFileType = sourcecode.c.h; path = "UIView+UITableView.h"; sourceTree = "<group>"; };
		CCB6D41E1A99FD1B00892649 /* UIView+UITableView.m */ = {isa = PBXFileReference; fileEncoding = 4; lastKnownFileType = sourcecode.c.objc; path = "UIView+UITableView.m"; sourceTree = "<group>"; };
		CCB6D4251A9A26DC00892649 /* QuartzCore.framework */ = {isa = PBXFileReference; lastKnownFileType = wrapper.framework; name = QuartzCore.framework; path = System/Library/Frameworks/QuartzCore.framework; sourceTree = SDKROOT; };
		CCEE4BE01AA3768700A107A2 /* SOSettingsTableViewController.h */ = {isa = PBXFileReference; fileEncoding = 4; lastKnownFileType = sourcecode.c.h; path = SOSettingsTableViewController.h; sourceTree = "<group>"; };
		CCEE4BE11AA3768700A107A2 /* SOSettingsTableViewController.m */ = {isa = PBXFileReference; fileEncoding = 4; lastKnownFileType = sourcecode.c.objc; path = SOSettingsTableViewController.m; sourceTree = "<group>"; };
		CCEE4BE31AA37A7000A107A2 /* SOWebViewController.h */ = {isa = PBXFileReference; fileEncoding = 4; lastKnownFileType = sourcecode.c.h; path = SOWebViewController.h; sourceTree = "<group>"; };
		CCEE4BE41AA37A7000A107A2 /* SOWebViewController.m */ = {isa = PBXFileReference; fileEncoding = 4; lastKnownFileType = sourcecode.c.objc; path = SOWebViewController.m; sourceTree = "<group>"; };
		CCEE4BE61AA37AA000A107A2 /* SOPopularProductTableViewController.h */ = {isa = PBXFileReference; fileEncoding = 4; lastKnownFileType = sourcecode.c.h; path = SOPopularProductTableViewController.h; sourceTree = "<group>"; };
		CCEE4BE71AA37AA000A107A2 /* SOPopularProductTableViewController.m */ = {isa = PBXFileReference; fileEncoding = 4; lastKnownFileType = sourcecode.c.objc; path = SOPopularProductTableViewController.m; sourceTree = "<group>"; };
/* End PBXFileReference section */

/* Begin PBXFrameworksBuildPhase section */
		CC0243581AC719390093CEDC /* Frameworks */ = {
			isa = PBXFrameworksBuildPhase;
			buildActionMask = 2147483647;
			files = (
				CC0243591AC719390093CEDC /* QuartzCore.framework in Frameworks */,
				CC02435A1AC719390093CEDC /* UIKit.framework in Frameworks */,
				CC02435B1AC719390093CEDC /* Foundation.framework in Frameworks */,
			);
			runOnlyForDeploymentPostprocessing = 0;
		};
		CC0243821AC7194F0093CEDC /* Frameworks */ = {
			isa = PBXFrameworksBuildPhase;
			buildActionMask = 2147483647;
			files = (
				CC0243831AC7194F0093CEDC /* QuartzCore.framework in Frameworks */,
				CC0243841AC7194F0093CEDC /* UIKit.framework in Frameworks */,
				CC0243851AC7194F0093CEDC /* Foundation.framework in Frameworks */,
			);
			runOnlyForDeploymentPostprocessing = 0;
		};
		CC344BC51ACC522C00D9985D /* Frameworks */ = {
			isa = PBXFrameworksBuildPhase;
			buildActionMask = 2147483647;
			files = (
				CC344BC61ACC522C00D9985D /* QuartzCore.framework in Frameworks */,
				CC344BC71ACC522C00D9985D /* UIKit.framework in Frameworks */,
				CC344BC81ACC522C00D9985D /* Foundation.framework in Frameworks */,
			);
			runOnlyForDeploymentPostprocessing = 0;
		};
		CC5175281A97AE0D00056A3A /* Frameworks */ = {
			isa = PBXFrameworksBuildPhase;
			buildActionMask = 2147483647;
			files = (
				CCB6D4261A9A26DC00892649 /* QuartzCore.framework in Frameworks */,
				CC35ED621A989C84004D20C8 /* UIKit.framework in Frameworks */,
				CC35ED601A989C7D004D20C8 /* Foundation.framework in Frameworks */,
			);
			runOnlyForDeploymentPostprocessing = 0;
		};
		CC5175411A97AE0E00056A3A /* Frameworks */ = {
			isa = PBXFrameworksBuildPhase;
			buildActionMask = 2147483647;
			files = (
			);
			runOnlyForDeploymentPostprocessing = 0;
		};
/* End PBXFrameworksBuildPhase section */

/* Begin PBXGroup section */
		CC35ED661A98BDE2004D20C8 /* View */ = {
			isa = PBXGroup;
			children = (
				CC5175861A97B78C00056A3A /* SOMainTabBarController.h */,
				CC5175871A97B78C00056A3A /* SOMainTabBarController.m */,
				CCEE4BEB1AA37ADD00A107A2 /* SOSettingItem */,
				CCEE4BEA1AA37AD000A107A2 /* SOBasketItem */,
				CCEE4BE91AA37AC200A107A2 /* SOStoreItem */,
			);
			name = View;
			sourceTree = "<group>";
		};
		CC35ED671A98BDEE004D20C8 /* Model */ = {
			isa = PBXGroup;
			children = (
				CCB6D4151A99F76500892649 /* Basket */,
				CCB6D4141A99F75900892649 /* Store */,
				CCB284451AA6EBC700125EEC /* SOStore.xcdatamodeld */,
			);
			name = Model;
			sourceTree = "<group>";
		};
		CC35ED7B1A99C7A4004D20C8 /* Cell */ = {
			isa = PBXGroup;
			children = (
				CC35ED7C1A99C7DA004D20C8 /* SOProductTableViewCell.h */,
				CC35ED7D1A99C7DA004D20C8 /* SOProductTableViewCell.m */,
				CC6061C91ABF494C00644A83 /* SOBasketProductTableViewCell.h */,
				CC6061CA1ABF494D00644A83 /* SOBasketProductTableViewCell.m */,
			);
			name = Cell;
			sourceTree = "<group>";
		};
		CC5175221A97AE0D00056A3A = {
			isa = PBXGroup;
			children = (
				CCB6D4251A9A26DC00892649 /* QuartzCore.framework */,
				CC35ED611A989C84004D20C8 /* UIKit.framework */,
				CC35ED5F1A989C7D004D20C8 /* Foundation.framework */,
				CC51752D1A97AE0D00056A3A /* SOShop */,
				CC5175471A97AE0E00056A3A /* SOShopTests */,
				CC51752C1A97AE0D00056A3A /* Products */,
				CC0243691AC719390093CEDC /* SOShop copy-Info.plist */,
				CC0243931AC719500093CEDC /* SOShop XML copy-Info.plist */,
				CC344BD61ACC522C00D9985D /* SOShop JSON copy-Info.plist */,
			);
			sourceTree = "<group>";
		};
		CC51752C1A97AE0D00056A3A /* Products */ = {
			isa = PBXGroup;
			children = (
				CC51752B1A97AE0D00056A3A /* SOShop JSON.app */,
				CC5175441A97AE0E00056A3A /* SOShopTests.xctest */,
				CC0243681AC719390093CEDC /* SOShop copy.app */,
				CC0243921AC7194F0093CEDC /* SOShop XML copy.app */,
				CC344BD51ACC522C00D9985D /* SOShop JSON copy.app */,
			);
			name = Products;
			sourceTree = "<group>";
		};
		CC51752D1A97AE0D00056A3A /* SOShop */ = {
			isa = PBXGroup;
			children = (
				CCA14F501AC15E1D0068C72B /* libs */,
				CCB6D4191A99FC4000892649 /* Category */,
				CC35ED7B1A99C7A4004D20C8 /* Cell */,
				CC35ED671A98BDEE004D20C8 /* Model */,
				CC35ED661A98BDE2004D20C8 /* View */,
				CC5175321A97AE0D00056A3A /* AppDelegate.h */,
				CC5175331A97AE0D00056A3A /* AppDelegate.m */,
				CC5175381A97AE0E00056A3A /* SOShop.storyboard */,
				CC51753B1A97AE0E00056A3A /* Images.xcassets */,
				CC51753D1A97AE0E00056A3A /* LaunchScreen.xib */,
				CC6029451AA4712B001A280E /* Images and files */,
				CC51752E1A97AE0D00056A3A /* Supporting Files */,
			);
			path = SOShop;
			sourceTree = "<group>";
		};
		CC51752E1A97AE0D00056A3A /* Supporting Files */ = {
			isa = PBXGroup;
			children = (
				CC35ED5E1A989C44004D20C8 /* Constans.h */,
				CC35ED5C1A9898A5004D20C8 /* Localizable.strings */,
				CC51752F1A97AE0D00056A3A /* Info.plist */,
				CC5175301A97AE0D00056A3A /* main.m */,
			);
			name = "Supporting Files";
			sourceTree = "<group>";
		};
		CC5175471A97AE0E00056A3A /* SOShopTests */ = {
			isa = PBXGroup;
			children = (
				CC51754A1A97AE0E00056A3A /* SOShopTests.m */,
				CC5175481A97AE0E00056A3A /* Supporting Files */,
			);
			path = SOShopTests;
			sourceTree = "<group>";
		};
		CC5175481A97AE0E00056A3A /* Supporting Files */ = {
			isa = PBXGroup;
			children = (
				CC5175491A97AE0E00056A3A /* Info.plist */,
			);
			name = "Supporting Files";
			sourceTree = "<group>";
		};
		CC6029451AA4712B001A280E /* Images and files */ = {
			isa = PBXGroup;
			children = (
				CCA14F541AC15EE40068C72B /* xmlFormatter.xml */,
				CCB2844A1AA77A3D00125EEC /* document.json */,
				CC60294D1AA4757C001A280E /* Plakat.jpg */,
				CC6029461AA4712B001A280E /* tesla.png */,
			);
			path = "Images and files";
			sourceTree = SOURCE_ROOT;
		};
		CCA14F501AC15E1D0068C72B /* libs */ = {
			isa = PBXGroup;
			children = (
				CCA14F511AC15E300068C72B /* XMLDictionary.h */,
				CCA14F521AC15E300068C72B /* XMLDictionary.m */,
			);
			name = libs;
			sourceTree = "<group>";
		};
		CCB6D4141A99F75900892649 /* Store */ = {
			isa = PBXGroup;
			children = (
				CC35ED6B1A98BE75004D20C8 /* SOStoreManager.h */,
				CC35ED6C1A98BE75004D20C8 /* SOStoreManager.m */,
				CC35ED6F1A98E1BD004D20C8 /* SOCategory.h */,
				CC35ED701A98E1BD004D20C8 /* SOCategory.m */,
				CC35ED721A98E1D0004D20C8 /* SOSubCategory.h */,
				CC35ED731A98E1D0004D20C8 /* SOSubCategory.m */,
				CC35ED681A98BE09004D20C8 /* SOProduct.h */,
				CC35ED691A98BE09004D20C8 /* SOProduct.m */,
			);
			name = Store;
			sourceTree = "<group>";
		};
		CCB6D4151A99F76500892649 /* Basket */ = {
			isa = PBXGroup;
			children = (
				CCB6D4161A99F78B00892649 /* SOBasketManager.h */,
				CCB6D4171A99F78B00892649 /* SOBasketManager.m */,
			);
			name = Basket;
			sourceTree = "<group>";
		};
		CCB6D4191A99FC4000892649 /* Category */ = {
			isa = PBXGroup;
			children = (
				CCB6D41D1A99FD1B00892649 /* UIView+UITableView.h */,
				CCB6D41E1A99FD1B00892649 /* UIView+UITableView.m */,
			);
			name = Category;
			sourceTree = "<group>";
		};
		CCEE4BE91AA37AC200A107A2 /* SOStoreItem */ = {
			isa = PBXGroup;
			children = (
				CC5175891A97B7E900056A3A /* SOCategoryViewController.h */,
				CC51758A1A97B7E900056A3A /* SOCategoryViewController.m */,
				CC51758C1A97B82700056A3A /* SOSubCategoryProductTableViewController.h */,
				CC51758D1A97B82700056A3A /* SOSubCategoryProductTableViewController.m */,
				CC51758F1A97B89E00056A3A /* SOProductTableViewController.h */,
				CC5175901A97B89E00056A3A /* SOProductTableViewController.m */,
				CC35ED781A993F36004D20C8 /* SODetailProductViewController.h */,
				CC35ED791A993F36004D20C8 /* SODetailProductViewController.m */,
			);
			name = SOStoreItem;
			sourceTree = "<group>";
		};
		CCEE4BEA1AA37AD000A107A2 /* SOBasketItem */ = {
			isa = PBXGroup;
			children = (
				CC5175921A97BA1000056A3A /* SOBasketViewController.h */,
				CC5175931A97BA1000056A3A /* SOBasketViewController.m */,
				CC5175951A97BA4300056A3A /* SOCheckViewController.h */,
				CC5175961A97BA4300056A3A /* SOCheckViewController.m */,
			);
			name = SOBasketItem;
			sourceTree = "<group>";
		};
		CCEE4BEB1AA37ADD00A107A2 /* SOSettingItem */ = {
			isa = PBXGroup;
			children = (
				CCEE4BE01AA3768700A107A2 /* SOSettingsTableViewController.h */,
				CCEE4BE11AA3768700A107A2 /* SOSettingsTableViewController.m */,
				CCEE4BE31AA37A7000A107A2 /* SOWebViewController.h */,
				CCEE4BE41AA37A7000A107A2 /* SOWebViewController.m */,
				CCEE4BE61AA37AA000A107A2 /* SOPopularProductTableViewController.h */,
				CCEE4BE71AA37AA000A107A2 /* SOPopularProductTableViewController.m */,
			);
			name = SOSettingItem;
			sourceTree = "<group>";
		};
/* End PBXGroup section */

/* Begin PBXNativeTarget section */
		CC0243401AC719390093CEDC /* SOShop XML */ = {
			isa = PBXNativeTarget;
			buildConfigurationList = CC0243651AC719390093CEDC /* Build configuration list for PBXNativeTarget "SOShop XML" */;
			buildPhases = (
				CC0243411AC719390093CEDC /* Sources */,
				CC0243581AC719390093CEDC /* Frameworks */,
				CC02435C1AC719390093CEDC /* Resources */,
			);
			buildRules = (
			);
			dependencies = (
			);
			name = "SOShop XML";
			productName = SOShop;
			productReference = CC0243681AC719390093CEDC /* SOShop copy.app */;
			productType = "com.apple.product-type.application";
		};
		CC02436A1AC7194F0093CEDC /* SOShop MANUAL */ = {
			isa = PBXNativeTarget;
			buildConfigurationList = CC02438F1AC7194F0093CEDC /* Build configuration list for PBXNativeTarget "SOShop MANUAL" */;
			buildPhases = (
				CC02436B1AC7194F0093CEDC /* Sources */,
				CC0243821AC7194F0093CEDC /* Frameworks */,
				CC0243861AC7194F0093CEDC /* Resources */,
			);
			buildRules = (
			);
			dependencies = (
			);
			name = "SOShop MANUAL";
			productName = SOShop;
			productReference = CC0243921AC7194F0093CEDC /* SOShop XML copy.app */;
			productType = "com.apple.product-type.application";
		};
		CC344BAD1ACC522B00D9985D /* SOShop NSURL */ = {
			isa = PBXNativeTarget;
			buildConfigurationList = CC344BD21ACC522C00D9985D /* Build configuration list for PBXNativeTarget "SOShop NSURL" */;
			buildPhases = (
				CC344BAE1ACC522C00D9985D /* Sources */,
				CC344BC51ACC522C00D9985D /* Frameworks */,
				CC344BC91ACC522C00D9985D /* Resources */,
			);
			buildRules = (
			);
			dependencies = (
			);
			name = "SOShop NSURL";
			productName = SOShop;
			productReference = CC344BD51ACC522C00D9985D /* SOShop JSON copy.app */;
			productType = "com.apple.product-type.application";
		};
		CC51752A1A97AE0D00056A3A /* SOShop JSON */ = {
			isa = PBXNativeTarget;
			buildConfigurationList = CC51754E1A97AE0E00056A3A /* Build configuration list for PBXNativeTarget "SOShop JSON" */;
			buildPhases = (
				CC5175271A97AE0D00056A3A /* Sources */,
				CC5175281A97AE0D00056A3A /* Frameworks */,
				CC5175291A97AE0D00056A3A /* Resources */,
			);
			buildRules = (
			);
			dependencies = (
			);
			name = "SOShop JSON";
			productName = SOShop;
			productReference = CC51752B1A97AE0D00056A3A /* SOShop JSON.app */;
			productType = "com.apple.product-type.application";
		};
		CC5175431A97AE0E00056A3A /* SOShopTests */ = {
			isa = PBXNativeTarget;
			buildConfigurationList = CC5175511A97AE0E00056A3A /* Build configuration list for PBXNativeTarget "SOShopTests" */;
			buildPhases = (
				CC5175401A97AE0E00056A3A /* Sources */,
				CC5175411A97AE0E00056A3A /* Frameworks */,
				CC5175421A97AE0E00056A3A /* Resources */,
			);
			buildRules = (
			);
			dependencies = (
				CC5175461A97AE0E00056A3A /* PBXTargetDependency */,
			);
			name = SOShopTests;
			productName = SOShopTests;
			productReference = CC5175441A97AE0E00056A3A /* SOShopTests.xctest */;
			productType = "com.apple.product-type.bundle.unit-test";
		};
/* End PBXNativeTarget section */

/* Begin PBXProject section */
		CC5175231A97AE0D00056A3A /* Project object */ = {
			isa = PBXProject;
			attributes = {
				LastUpgradeCheck = 0610;
				ORGANIZATIONNAME = Sergey;
				TargetAttributes = {
					CC51752A1A97AE0D00056A3A = {
						CreatedOnToolsVersion = 6.1;
					};
					CC5175431A97AE0E00056A3A = {
						CreatedOnToolsVersion = 6.1;
						TestTargetID = CC51752A1A97AE0D00056A3A;
					};
				};
			};
			buildConfigurationList = CC5175261A97AE0D00056A3A /* Build configuration list for PBXProject "SOShop" */;
			compatibilityVersion = "Xcode 3.2";
			developmentRegion = English;
			hasScannedForEncodings = 0;
			knownRegions = (
				en,
				Base,
				ru,
			);
			mainGroup = CC5175221A97AE0D00056A3A;
			productRefGroup = CC51752C1A97AE0D00056A3A /* Products */;
			projectDirPath = "";
			projectRoot = "";
			targets = (
				CC51752A1A97AE0D00056A3A /* SOShop JSON */,
				CC0243401AC719390093CEDC /* SOShop XML */,
				CC02436A1AC7194F0093CEDC /* SOShop MANUAL */,
				CC344BAD1ACC522B00D9985D /* SOShop NSURL */,
				CC5175431A97AE0E00056A3A /* SOShopTests */,
			);
		};
/* End PBXProject section */

/* Begin PBXResourcesBuildPhase section */
		CC02435C1AC719390093CEDC /* Resources */ = {
			isa = PBXResourcesBuildPhase;
			buildActionMask = 2147483647;
			files = (
				CC02435D1AC719390093CEDC /* SOShop.storyboard in Resources */,
				CC02435E1AC719390093CEDC /* Localizable.strings in Resources */,
				CC02435F1AC719390093CEDC /* tesla.png in Resources */,
				CC0243601AC719390093CEDC /* LaunchScreen.xib in Resources */,
				CC0243611AC719390093CEDC /* xmlFormatter.xml in Resources */,
				CC0243621AC719390093CEDC /* document.json in Resources */,
				CC0243631AC719390093CEDC /* Images.xcassets in Resources */,
				CC0243641AC719390093CEDC /* Plakat.jpg in Resources */,
			);
			runOnlyForDeploymentPostprocessing = 0;
		};
		CC0243861AC7194F0093CEDC /* Resources */ = {
			isa = PBXResourcesBuildPhase;
			buildActionMask = 2147483647;
			files = (
				CC0243871AC7194F0093CEDC /* SOShop.storyboard in Resources */,
				CC0243881AC7194F0093CEDC /* Localizable.strings in Resources */,
				CC0243891AC7194F0093CEDC /* tesla.png in Resources */,
				CC02438A1AC7194F0093CEDC /* LaunchScreen.xib in Resources */,
				CC02438B1AC7194F0093CEDC /* xmlFormatter.xml in Resources */,
				CC02438C1AC7194F0093CEDC /* document.json in Resources */,
				CC02438D1AC7194F0093CEDC /* Images.xcassets in Resources */,
				CC02438E1AC7194F0093CEDC /* Plakat.jpg in Resources */,
			);
			runOnlyForDeploymentPostprocessing = 0;
		};
		CC344BC91ACC522C00D9985D /* Resources */ = {
			isa = PBXResourcesBuildPhase;
			buildActionMask = 2147483647;
			files = (
				CC344BCA1ACC522C00D9985D /* SOShop.storyboard in Resources */,
				CC344BCB1ACC522C00D9985D /* Localizable.strings in Resources */,
				CC344BCC1ACC522C00D9985D /* tesla.png in Resources */,
				CC344BCD1ACC522C00D9985D /* LaunchScreen.xib in Resources */,
				CC344BCE1ACC522C00D9985D /* xmlFormatter.xml in Resources */,
				CC344BCF1ACC522C00D9985D /* document.json in Resources */,
				CC344BD01ACC522C00D9985D /* Images.xcassets in Resources */,
				CC344BD11ACC522C00D9985D /* Plakat.jpg in Resources */,
			);
			runOnlyForDeploymentPostprocessing = 0;
		};
		CC5175291A97AE0D00056A3A /* Resources */ = {
			isa = PBXResourcesBuildPhase;
			buildActionMask = 2147483647;
			files = (
				CC51753A1A97AE0E00056A3A /* SOShop.storyboard in Resources */,
				CC35ED5A1A9898A5004D20C8 /* Localizable.strings in Resources */,
				CC6029491AA4712B001A280E /* tesla.png in Resources */,
				CC51753F1A97AE0E00056A3A /* LaunchScreen.xib in Resources */,
				CCA14F551AC15EE40068C72B /* xmlFormatter.xml in Resources */,
				CCB2844B1AA77A3D00125EEC /* document.json in Resources */,
				CC51753C1A97AE0E00056A3A /* Images.xcassets in Resources */,
				CC60294F1AA4757C001A280E /* Plakat.jpg in Resources */,
			);
			runOnlyForDeploymentPostprocessing = 0;
		};
		CC5175421A97AE0E00056A3A /* Resources */ = {
			isa = PBXResourcesBuildPhase;
			buildActionMask = 2147483647;
			files = (
			);
			runOnlyForDeploymentPostprocessing = 0;
		};
/* End PBXResourcesBuildPhase section */

/* Begin PBXSourcesBuildPhase section */
		CC0243411AC719390093CEDC /* Sources */ = {
			isa = PBXSourcesBuildPhase;
			buildActionMask = 2147483647;
			files = (
				CC0243421AC719390093CEDC /* SOSettingsTableViewController.m in Sources */,
				CC0243431AC719390093CEDC /* SOSubCategory.m in Sources */,
				CC0243441AC719390093CEDC /* SOProduct.m in Sources */,
				CC0243451AC719390093CEDC /* SOWebViewController.m in Sources */,
				CC0243461AC719390093CEDC /* SOCategoryViewController.m in Sources */,
				CC0243471AC719390093CEDC /* SOCheckViewController.m in Sources */,
				CC0243481AC719390093CEDC /* UIView+UITableView.m in Sources */,
				CC0243491AC719390093CEDC /* AppDelegate.m in Sources */,
				CC02434A1AC719390093CEDC /* XMLDictionary.m in Sources */,
				CC02434B1AC719390093CEDC /* SOProductTableViewCell.m in Sources */,
				CC02434C1AC719390093CEDC /* SODetailProductViewController.m in Sources */,
				CC02434D1AC719390093CEDC /* SOPopularProductTableViewController.m in Sources */,
				CC02434E1AC719390093CEDC /* SOStore.xcdatamodeld in Sources */,
				CC02434F1AC719390093CEDC /* SOBasketViewController.m in Sources */,
				CC0243501AC719390093CEDC /* SOBasketManager.m in Sources */,
				CC0243511AC719390093CEDC /* SOProductTableViewController.m in Sources */,
				CC0243521AC719390093CEDC /* main.m in Sources */,
				CC0243531AC719390093CEDC /* SOSubCategoryProductTableViewController.m in Sources */,
				CC0243541AC719390093CEDC /* SOCategory.m in Sources */,
				CC0243551AC719390093CEDC /* SOBasketProductTableViewCell.m in Sources */,
				CC0243561AC719390093CEDC /* SOMainTabBarController.m in Sources */,
				CC0243571AC719390093CEDC /* SOStoreManager.m in Sources */,
			);
			runOnlyForDeploymentPostprocessing = 0;
		};
		CC02436B1AC7194F0093CEDC /* Sources */ = {
			isa = PBXSourcesBuildPhase;
			buildActionMask = 2147483647;
			files = (
				CC02436C1AC7194F0093CEDC /* SOSettingsTableViewController.m in Sources */,
				CC02436D1AC7194F0093CEDC /* SOSubCategory.m in Sources */,
				CC02436E1AC7194F0093CEDC /* SOProduct.m in Sources */,
				CC02436F1AC7194F0093CEDC /* SOWebViewController.m in Sources */,
				CC0243701AC7194F0093CEDC /* SOCategoryViewController.m in Sources */,
				CC0243711AC7194F0093CEDC /* SOCheckViewController.m in Sources */,
				CC0243721AC7194F0093CEDC /* UIView+UITableView.m in Sources */,
				CC0243731AC7194F0093CEDC /* AppDelegate.m in Sources */,
				CC0243741AC7194F0093CEDC /* XMLDictionary.m in Sources */,
				CC0243751AC7194F0093CEDC /* SOProductTableViewCell.m in Sources */,
				CC0243761AC7194F0093CEDC /* SODetailProductViewController.m in Sources */,
				CC0243771AC7194F0093CEDC /* SOPopularProductTableViewController.m in Sources */,
				CC0243781AC7194F0093CEDC /* SOStore.xcdatamodeld in Sources */,
				CC0243791AC7194F0093CEDC /* SOBasketViewController.m in Sources */,
				CC02437A1AC7194F0093CEDC /* SOBasketManager.m in Sources */,
				CC02437B1AC7194F0093CEDC /* SOProductTableViewController.m in Sources */,
				CC02437C1AC7194F0093CEDC /* main.m in Sources */,
				CC02437D1AC7194F0093CEDC /* SOSubCategoryProductTableViewController.m in Sources */,
				CC02437E1AC7194F0093CEDC /* SOCategory.m in Sources */,
				CC02437F1AC7194F0093CEDC /* SOBasketProductTableViewCell.m in Sources */,
				CC0243801AC7194F0093CEDC /* SOMainTabBarController.m in Sources */,
				CC0243811AC7194F0093CEDC /* SOStoreManager.m in Sources */,
			);
			runOnlyForDeploymentPostprocessing = 0;
		};
		CC344BAE1ACC522C00D9985D /* Sources */ = {
			isa = PBXSourcesBuildPhase;
			buildActionMask = 2147483647;
			files = (
				CC344BAF1ACC522C00D9985D /* SOSettingsTableViewController.m in Sources */,
				CC344BB01ACC522C00D9985D /* SOSubCategory.m in Sources */,
				CC344BB11ACC522C00D9985D /* SOProduct.m in Sources */,
				CC344BB21ACC522C00D9985D /* SOWebViewController.m in Sources */,
				CC344BB31ACC522C00D9985D /* SOCategoryViewController.m in Sources */,
				CC344BB41ACC522C00D9985D /* SOCheckViewController.m in Sources */,
				CC344BB51ACC522C00D9985D /* UIView+UITableView.m in Sources */,
				CC344BB61ACC522C00D9985D /* AppDelegate.m in Sources */,
				CC344BB71ACC522C00D9985D /* XMLDictionary.m in Sources */,
				CC344BB81ACC522C00D9985D /* SOProductTableViewCell.m in Sources */,
				CC344BB91ACC522C00D9985D /* SODetailProductViewController.m in Sources */,
				CC344BBA1ACC522C00D9985D /* SOPopularProductTableViewController.m in Sources */,
				CC344BBB1ACC522C00D9985D /* SOStore.xcdatamodeld in Sources */,
				CC344BBC1ACC522C00D9985D /* SOBasketViewController.m in Sources */,
				CC344BBD1ACC522C00D9985D /* SOBasketManager.m in Sources */,
				CC344BBE1ACC522C00D9985D /* SOProductTableViewController.m in Sources */,
				CC344BBF1ACC522C00D9985D /* main.m in Sources */,
				CC344BC01ACC522C00D9985D /* SOSubCategoryProductTableViewController.m in Sources */,
				CC344BC11ACC522C00D9985D /* SOCategory.m in Sources */,
				CC344BC21ACC522C00D9985D /* SOBasketProductTableViewCell.m in Sources */,
				CC344BC31ACC522C00D9985D /* SOMainTabBarController.m in Sources */,
				CC344BC41ACC522C00D9985D /* SOStoreManager.m in Sources */,
			);
			runOnlyForDeploymentPostprocessing = 0;
		};
		CC5175271A97AE0D00056A3A /* Sources */ = {
			isa = PBXSourcesBuildPhase;
			buildActionMask = 2147483647;
			files = (
				CCEE4BE21AA3768700A107A2 /* SOSettingsTableViewController.m in Sources */,
				CC35ED741A98E1D0004D20C8 /* SOSubCategory.m in Sources */,
				CC35ED6A1A98BE09004D20C8 /* SOProduct.m in Sources */,
				CCEE4BE51AA37A7000A107A2 /* SOWebViewController.m in Sources */,
				CC51758B1A97B7E900056A3A /* SOCategoryViewController.m in Sources */,
				CC5175971A97BA4300056A3A /* SOCheckViewController.m in Sources */,
				CCB6D41F1A99FD1B00892649 /* UIView+UITableView.m in Sources */,
				CC5175341A97AE0D00056A3A /* AppDelegate.m in Sources */,
				CCA14F531AC15E300068C72B /* XMLDictionary.m in Sources */,
				CC35ED7E1A99C7DA004D20C8 /* SOProductTableViewCell.m in Sources */,
				CC35ED7A1A993F36004D20C8 /* SODetailProductViewController.m in Sources */,
				CCEE4BE81AA37AA000A107A2 /* SOPopularProductTableViewController.m in Sources */,
				CCB284471AA6EBC700125EEC /* SOStore.xcdatamodeld in Sources */,
				CC5175941A97BA1000056A3A /* SOBasketViewController.m in Sources */,
				CCB6D4181A99F78B00892649 /* SOBasketManager.m in Sources */,
				CC5175911A97B89E00056A3A /* SOProductTableViewController.m in Sources */,
				CC5175311A97AE0D00056A3A /* main.m in Sources */,
				CC51758E1A97B82700056A3A /* SOSubCategoryProductTableViewController.m in Sources */,
				CC35ED711A98E1BD004D20C8 /* SOCategory.m in Sources */,
				CC6061CB1ABF494D00644A83 /* SOBasketProductTableViewCell.m in Sources */,
				CC5175881A97B78C00056A3A /* SOMainTabBarController.m in Sources */,
				CC35ED6D1A98BE75004D20C8 /* SOStoreManager.m in Sources */,
			);
			runOnlyForDeploymentPostprocessing = 0;
		};
		CC5175401A97AE0E00056A3A /* Sources */ = {
			isa = PBXSourcesBuildPhase;
			buildActionMask = 2147483647;
			files = (
				CC51754B1A97AE0E00056A3A /* SOShopTests.m in Sources */,
			);
			runOnlyForDeploymentPostprocessing = 0;
		};
/* End PBXSourcesBuildPhase section */

/* Begin PBXTargetDependency section */
		CC5175461A97AE0E00056A3A /* PBXTargetDependency */ = {
			isa = PBXTargetDependency;
			target = CC51752A1A97AE0D00056A3A /* SOShop JSON */;
			targetProxy = CC5175451A97AE0E00056A3A /* PBXContainerItemProxy */;
		};
/* End PBXTargetDependency section */

/* Begin PBXVariantGroup section */
		CC35ED5C1A9898A5004D20C8 /* Localizable.strings */ = {
			isa = PBXVariantGroup;
			children = (
				CC35ED5B1A9898A5004D20C8 /* en */,
				CC35ED5D1A9898BA004D20C8 /* ru */,
			);
			name = Localizable.strings;
			path = ..;
			sourceTree = "<group>";
		};
		CC5175381A97AE0E00056A3A /* SOShop.storyboard */ = {
			isa = PBXVariantGroup;
			children = (
				CC5175391A97AE0E00056A3A /* Base */,
			);
			name = SOShop.storyboard;
			sourceTree = "<group>";
		};
		CC51753D1A97AE0E00056A3A /* LaunchScreen.xib */ = {
			isa = PBXVariantGroup;
			children = (
				CC51753E1A97AE0E00056A3A /* Base */,
			);
			name = LaunchScreen.xib;
			sourceTree = "<group>";
		};
/* End PBXVariantGroup section */

/* Begin XCBuildConfiguration section */
		CC0243661AC719390093CEDC /* Debug */ = {
			isa = XCBuildConfiguration;
			buildSettings = {
				ASSETCATALOG_COMPILER_APPICON_NAME = AppIcon;
				GCC_PREPROCESSOR_DEFINITIONS = (
					"DEBUG=1",
					"$(inherited)",
					XML,
				);
				INFOPLIST_FILE = "SOShop copy-Info.plist";
				LD_RUNPATH_SEARCH_PATHS = "$(inherited) @executable_path/Frameworks";
				PRODUCT_NAME = "SOShop copy";
				TARGETED_DEVICE_FAMILY = "1,2";
			};
			name = Debug;
		};
		CC0243671AC719390093CEDC /* Release */ = {
			isa = XCBuildConfiguration;
			buildSettings = {
				ASSETCATALOG_COMPILER_APPICON_NAME = AppIcon;
				INFOPLIST_FILE = "SOShop copy-Info.plist";
				LD_RUNPATH_SEARCH_PATHS = "$(inherited) @executable_path/Frameworks";
				PRODUCT_NAME = "SOShop copy";
				TARGETED_DEVICE_FAMILY = "1,2";
			};
			name = Release;
		};
		CC0243901AC7194F0093CEDC /* Debug */ = {
			isa = XCBuildConfiguration;
			buildSettings = {
				ASSETCATALOG_COMPILER_APPICON_NAME = AppIcon;
				GCC_PREPROCESSOR_DEFINITIONS = (
					"DEBUG=1",
					"$(inherited)",
					MANUAL,
				);
				INFOPLIST_FILE = "SOShop XML copy-Info.plist";
				LD_RUNPATH_SEARCH_PATHS = "$(inherited) @executable_path/Frameworks";
				PRODUCT_NAME = "SOShop XML copy";
				TARGETED_DEVICE_FAMILY = "1,2";
			};
			name = Debug;
		};
		CC0243911AC7194F0093CEDC /* Release */ = {
			isa = XCBuildConfiguration;
			buildSettings = {
				ASSETCATALOG_COMPILER_APPICON_NAME = AppIcon;
				INFOPLIST_FILE = "SOShop XML copy-Info.plist";
				LD_RUNPATH_SEARCH_PATHS = "$(inherited) @executable_path/Frameworks";
				PRODUCT_NAME = "SOShop XML copy";
				TARGETED_DEVICE_FAMILY = "1,2";
			};
			name = Release;
		};
		CC344BD31ACC522C00D9985D /* Debug */ = {
			isa = XCBuildConfiguration;
			buildSettings = {
				ASSETCATALOG_COMPILER_APPICON_NAME = AppIcon;
				GCC_PREPROCESSOR_DEFINITIONS = (
					"DEBUG=1",
					"$(inherited)",
					PARSEDownloading,
				);
				INFOPLIST_FILE = "SOShop JSON copy-Info.plist";
				LD_RUNPATH_SEARCH_PATHS = "$(inherited) @executable_path/Frameworks";
				PRODUCT_NAME = "SOShop JSON copy";
				TARGETED_DEVICE_FAMILY = "1,2";
			};
			name = Debug;
		};
		CC344BD41ACC522C00D9985D /* Release */ = {
			isa = XCBuildConfiguration;
			buildSettings = {
				ASSETCATALOG_COMPILER_APPICON_NAME = AppIcon;
				INFOPLIST_FILE = "SOShop JSON copy-Info.plist";
				LD_RUNPATH_SEARCH_PATHS = "$(inherited) @executable_path/Frameworks";
				PRODUCT_NAME = "SOShop JSON copy";
				TARGETED_DEVICE_FAMILY = "1,2";
			};
			name = Release;
		};
		CC51754C1A97AE0E00056A3A /* Debug */ = {
			isa = XCBuildConfiguration;
			buildSettings = {
				ALWAYS_SEARCH_USER_PATHS = NO;
				CLANG_CXX_LANGUAGE_STANDARD = "gnu++0x";
				CLANG_CXX_LIBRARY = "libc++";
				CLANG_ENABLE_MODULES = YES;
				CLANG_ENABLE_OBJC_ARC = YES;
				CLANG_WARN_BOOL_CONVERSION = YES;
				CLANG_WARN_CONSTANT_CONVERSION = YES;
				CLANG_WARN_DIRECT_OBJC_ISA_USAGE = YES_ERROR;
				CLANG_WARN_EMPTY_BODY = YES;
				CLANG_WARN_ENUM_CONVERSION = YES;
				CLANG_WARN_INT_CONVERSION = YES;
				CLANG_WARN_OBJC_ROOT_CLASS = YES_ERROR;
				CLANG_WARN_UNREACHABLE_CODE = YES;
				CLANG_WARN__DUPLICATE_METHOD_MATCH = YES;
				"CODE_SIGN_IDENTITY[sdk=iphoneos*]" = "iPhone Developer";
				COPY_PHASE_STRIP = NO;
				ENABLE_STRICT_OBJC_MSGSEND = YES;
				GCC_C_LANGUAGE_STANDARD = gnu99;
				GCC_DYNAMIC_NO_PIC = NO;
				GCC_OPTIMIZATION_LEVEL = 0;
				GCC_PREPROCESSOR_DEFINITIONS = (
					"DEBUG=1",
					"$(inherited)",
				);
				GCC_SYMBOLS_PRIVATE_EXTERN = NO;
				GCC_WARN_64_TO_32_BIT_CONVERSION = YES;
				GCC_WARN_ABOUT_RETURN_TYPE = YES_ERROR;
				GCC_WARN_UNDECLARED_SELECTOR = YES;
				GCC_WARN_UNINITIALIZED_AUTOS = YES_AGGRESSIVE;
				GCC_WARN_UNUSED_FUNCTION = YES;
				GCC_WARN_UNUSED_VARIABLE = YES;
				IPHONEOS_DEPLOYMENT_TARGET = 8.1;
				MTL_ENABLE_DEBUG_INFO = YES;
				ONLY_ACTIVE_ARCH = YES;
				SDKROOT = iphoneos;
			};
			name = Debug;
		};
		CC51754D1A97AE0E00056A3A /* Release */ = {
			isa = XCBuildConfiguration;
			buildSettings = {
				ALWAYS_SEARCH_USER_PATHS = NO;
				CLANG_CXX_LANGUAGE_STANDARD = "gnu++0x";
				CLANG_CXX_LIBRARY = "libc++";
				CLANG_ENABLE_MODULES = YES;
				CLANG_ENABLE_OBJC_ARC = YES;
				CLANG_WARN_BOOL_CONVERSION = YES;
				CLANG_WARN_CONSTANT_CONVERSION = YES;
				CLANG_WARN_DIRECT_OBJC_ISA_USAGE = YES_ERROR;
				CLANG_WARN_EMPTY_BODY = YES;
				CLANG_WARN_ENUM_CONVERSION = YES;
				CLANG_WARN_INT_CONVERSION = YES;
				CLANG_WARN_OBJC_ROOT_CLASS = YES_ERROR;
				CLANG_WARN_UNREACHABLE_CODE = YES;
				CLANG_WARN__DUPLICATE_METHOD_MATCH = YES;
				"CODE_SIGN_IDENTITY[sdk=iphoneos*]" = "iPhone Developer";
				COPY_PHASE_STRIP = YES;
				ENABLE_NS_ASSERTIONS = NO;
				ENABLE_STRICT_OBJC_MSGSEND = YES;
				GCC_C_LANGUAGE_STANDARD = gnu99;
				GCC_WARN_64_TO_32_BIT_CONVERSION = YES;
				GCC_WARN_ABOUT_RETURN_TYPE = YES_ERROR;
				GCC_WARN_UNDECLARED_SELECTOR = YES;
				GCC_WARN_UNINITIALIZED_AUTOS = YES_AGGRESSIVE;
				GCC_WARN_UNUSED_FUNCTION = YES;
				GCC_WARN_UNUSED_VARIABLE = YES;
				IPHONEOS_DEPLOYMENT_TARGET = 8.1;
				MTL_ENABLE_DEBUG_INFO = NO;
				SDKROOT = iphoneos;
				VALIDATE_PRODUCT = YES;
			};
			name = Release;
		};
		CC51754F1A97AE0E00056A3A /* Debug */ = {
			isa = XCBuildConfiguration;
			buildSettings = {
				ASSETCATALOG_COMPILER_APPICON_NAME = AppIcon;
				GCC_PREPROCESSOR_DEFINITIONS = (
					"DEBUG=1",
					"$(inherited)",
					JSON,
				);
				INFOPLIST_FILE = SOShop/Info.plist;
				LD_RUNPATH_SEARCH_PATHS = "$(inherited) @executable_path/Frameworks";
				PRODUCT_NAME = "$(TARGET_NAME)";
				TARGETED_DEVICE_FAMILY = "1,2";
			};
			name = Debug;
		};
		CC5175501A97AE0E00056A3A /* Release */ = {
			isa = XCBuildConfiguration;
			buildSettings = {
				ASSETCATALOG_COMPILER_APPICON_NAME = AppIcon;
				INFOPLIST_FILE = SOShop/Info.plist;
				LD_RUNPATH_SEARCH_PATHS = "$(inherited) @executable_path/Frameworks";
				PRODUCT_NAME = "$(TARGET_NAME)";
				TARGETED_DEVICE_FAMILY = "1,2";
			};
			name = Release;
		};
		CC5175521A97AE0E00056A3A /* Debug */ = {
			isa = XCBuildConfiguration;
			buildSettings = {
				BUNDLE_LOADER = "$(TEST_HOST)";
				FRAMEWORK_SEARCH_PATHS = (
					"$(SDKROOT)/Developer/Library/Frameworks",
					"$(inherited)",
				);
				GCC_PREPROCESSOR_DEFINITIONS = (
					"DEBUG=1",
					"$(inherited)",
				);
				INFOPLIST_FILE = SOShopTests/Info.plist;
				LD_RUNPATH_SEARCH_PATHS = "$(inherited) @executable_path/Frameworks @loader_path/Frameworks";
				PRODUCT_NAME = "$(TARGET_NAME)";
				TEST_HOST = "$(BUILT_PRODUCTS_DIR)/SOShop.app/SOShop";
			};
			name = Debug;
		};
		CC5175531A97AE0E00056A3A /* Release */ = {
			isa = XCBuildConfiguration;
			buildSettings = {
				BUNDLE_LOADER = "$(TEST_HOST)";
				FRAMEWORK_SEARCH_PATHS = (
					"$(SDKROOT)/Developer/Library/Frameworks",
					"$(inherited)",
				);
				INFOPLIST_FILE = SOShopTests/Info.plist;
				LD_RUNPATH_SEARCH_PATHS = "$(inherited) @executable_path/Frameworks @loader_path/Frameworks";
				PRODUCT_NAME = "$(TARGET_NAME)";
				TEST_HOST = "$(BUILT_PRODUCTS_DIR)/SOShop.app/SOShop";
			};
			name = Release;
		};
/* End XCBuildConfiguration section */

/* Begin XCConfigurationList section */
		CC0243651AC719390093CEDC /* Build configuration list for PBXNativeTarget "SOShop XML" */ = {
			isa = XCConfigurationList;
			buildConfigurations = (
				CC0243661AC719390093CEDC /* Debug */,
				CC0243671AC719390093CEDC /* Release */,
			);
			defaultConfigurationIsVisible = 0;
			defaultConfigurationName = Release;
		};
		CC02438F1AC7194F0093CEDC /* Build configuration list for PBXNativeTarget "SOShop MANUAL" */ = {
			isa = XCConfigurationList;
			buildConfigurations = (
				CC0243901AC7194F0093CEDC /* Debug */,
				CC0243911AC7194F0093CEDC /* Release */,
			);
			defaultConfigurationIsVisible = 0;
			defaultConfigurationName = Release;
		};
		CC344BD21ACC522C00D9985D /* Build configuration list for PBXNativeTarget "SOShop NSURL" */ = {
			isa = XCConfigurationList;
			buildConfigurations = (
				CC344BD31ACC522C00D9985D /* Debug */,
				CC344BD41ACC522C00D9985D /* Release */,
			);
			defaultConfigurationIsVisible = 0;
			defaultConfigurationName = Release;
		};
		CC5175261A97AE0D00056A3A /* Build configuration list for PBXProject "SOShop" */ = {
			isa = XCConfigurationList;
			buildConfigurations = (
				CC51754C1A97AE0E00056A3A /* Debug */,
				CC51754D1A97AE0E00056A3A /* Release */,
			);
			defaultConfigurationIsVisible = 0;
			defaultConfigurationName = Release;
		};
		CC51754E1A97AE0E00056A3A /* Build configuration list for PBXNativeTarget "SOShop JSON" */ = {
			isa = XCConfigurationList;
			buildConfigurations = (
				CC51754F1A97AE0E00056A3A /* Debug */,
				CC5175501A97AE0E00056A3A /* Release */,
			);
			defaultConfigurationIsVisible = 0;
			defaultConfigurationName = Release;
		};
		CC5175511A97AE0E00056A3A /* Build configuration list for PBXNativeTarget "SOShopTests" */ = {
			isa = XCConfigurationList;
			buildConfigurations = (
				CC5175521A97AE0E00056A3A /* Debug */,
				CC5175531A97AE0E00056A3A /* Release */,
			);
			defaultConfigurationIsVisible = 0;
			defaultConfigurationName = Release;
		};
/* End XCConfigurationList section */

/* Begin XCVersionGroup section */
		CCB284451AA6EBC700125EEC /* SOStore.xcdatamodeld */ = {
			isa = XCVersionGroup;
			children = (
				CCB284461AA6EBC700125EEC /* SOStore.xcdatamodel */,
			);
			currentVersion = CCB284461AA6EBC700125EEC /* SOStore.xcdatamodel */;
			path = SOStore.xcdatamodeld;
			sourceTree = "<group>";
			versionGroupType = wrapper.xcdatamodel;
		};
/* End XCVersionGroup section */
	};
	rootObject = CC5175231A97AE0D00056A3A /* Project object */;
}
